{
  "name": "@paulmillr/test-repo",
  "version": "0.1.2",
  "lockfileVersion": 3,
  "requires": true,
  "packages": {
    "": {
      "name": "@paulmillr/test-repo",
      "version": "0.1.2",
      "license": "ISC",
      "devDependencies": {
        "@paulmillr/jsbt": "^0.2.1"
      }
    },
    "node_modules/@paulmillr/jsbt": {
      "version": "0.2.1",
      "resolved": "https://registry.npmjs.org/@paulmillr/jsbt/-/jsbt-0.2.1.tgz",
      "integrity": "sha512-4uC/Fa8L8oYjLNPKBqHKCwLv/47s/Asa4Z/rL584YvViPtlFdxBeCFX6knCZxX5gn6n+2YUdr50Q1sIuUNma5Q==",
      "dev": true,
      "license": "MIT",
      "bin": {
        "jsbt": "jsbt.js"
      }
    }
  }
}
