{
  "name": "@paulmillr/test-repo",
  "version": "0.4.6",
  "lockfileVersion": 3,
  "requires": true,
  "packages": {
    "": {
      "name": "@paulmillr/test-repo",
      "version": "0.4.6",
      "license": "ISC",
      "devDependencies": {
        "@paulmillr/jsbt": "github:paulmillr/jsbt"
      }
    },
    "node_modules/@paulmillr/jsbt": {
      "version": "0.2.1",
      "resolved": "git+ssh://git@github.com/paulmillr/jsbt.git#33fdee057270523154afa6d603516ec8e32415f0",
      "dev": true,
      "license": "MIT",
      "bin": {
        "jsbt": "jsbt.js"
      }
    }
  }
}
