lockfileVersion: '9.0'

settings:
  autoInstallPeers: true
  excludeLinksFromLockfile: false

importers:

  .:
    devDependencies:
      '@paulmillr/jsbt':
        specifier: github:paulmillr/jsbt
        version: https://codeload.github.com/paulmillr/jsbt/tar.gz/9d2a1d7f87d4e16f7f97123be2a57c1134c2d393

packages:

  '@paulmillr/jsbt@https://codeload.github.com/paulmillr/jsbt/tar.gz/9d2a1d7f87d4e16f7f97123be2a57c1134c2d393':
    resolution: {tarball: https://codeload.github.com/paulmillr/jsbt/tar.gz/9d2a1d7f87d4e16f7f97123be2a57c1134c2d393}
    version: 0.4.4
    hasBin: true

snapshots:

  '@paulmillr/jsbt@https://codeload.github.com/paulmillr/jsbt/tar.gz/9d2a1d7f87d4e16f7f97123be2a57c1134c2d393': {}
